GEM
  remote: https://rubygems.org/
  specs:
    debugger-ruby_core_source (1.2.3)
    rake (10.1.0)
    ruby-debug-base19x (0.11.30.pre14)
      debugger-ruby_core_source (> 0)
      rake (>= 0.8.1)
    ruby-debug-ide (0.4.18)
      rake (>= 0.8.1)

PLATFORMS
  ruby

DEPENDENCIES
  ruby-debug-base19x (>= 0.11.30.pre10)
  ruby-debug-ide (>= 0.4.17.beta14)
